// !$*UTF8*$!
{
	archiveVersion = 1;
	classes = {
	};
	objectVersion = 48;
	objects = {

/* Begin PBXBuildFile section */
		209634FC20F4B41200207AD8 /* mtaf_time_utils.c in Sources */ = {isa = PBXBuildFile; fileRef = 209634E820F4B41200207AD8 /* mtaf_time_utils.c */; };
		209634FD20F4B41200207AD8 /* mtaf_ptrbuffer.cc in Sources */ = {isa = PBXBuildFile; fileRef = 209634EF20F4B41200207AD8 /* mtaf_ptrbuffer.cc */; };
		209634FE20F4B41200207AD8 /* mtaf_autobuffer.cc in Sources */ = {isa = PBXBuildFile; fileRef = 209634F120F4B41200207AD8 /* mtaf_autobuffer.cc */; };
		209634FF20F4B41200207AD8 /* __mtaf_assert.c in Sources */ = {isa = PBXBuildFile; fileRef = 209634FB20F4B41200207AD8 /* __mtaf_assert.c */; };
/* End PBXBuildFile section */

/* Begin PBXCopyFilesBuildPhase section */
		20926E961FE509F4000DBD07 /* CopyFiles */ = {
			isa = PBXCopyFilesBuildPhase;
			buildActionMask = 2147483647;
			dstPath = "include/$(PRODUCT_NAME)";
			dstSubfolderSpec = 16;
			files = (
			);
			runOnlyForDeploymentPostprocessing = 0;
		};
/* End PBXCopyFilesBuildPhase section */

/* Begin PBXFileReference section */
		20926E981FE509F4000DBD07 /* libcomm.a */ = {isa = PBXFileReference; explicitFileType = archive.ar; includeInIndex = 0; path = libcomm.a; sourceTree = BUILT_PRODUCTS_DIR; };
		209634E820F4B41200207AD8 /* mtaf_time_utils.c */ = {isa = PBXFileReference; fileEncoding = 4; lastKnownFileType = sourcecode.c.c; path = mtaf_time_utils.c; sourceTree = "<group>"; };
		209634E920F4B41200207AD8 /* mtaf_compiler_util.h */ = {isa = PBXFileReference; fileEncoding = 4; lastKnownFileType = sourcecode.c.h; path = mtaf_compiler_util.h; sourceTree = "<group>"; };
		209634EA20F4B41200207AD8 /* mtaf_spinlock.h */ = {isa = PBXFileReference; fileEncoding = 4; lastKnownFileType = sourcecode.c.h; path = mtaf_spinlock.h; sourceTree = "<group>"; };
		209634EC20F4B41200207AD8 /* mtaf_condition.h */ = {isa = PBXFileReference; fileEncoding = 4; lastKnownFileType = sourcecode.c.h; path = mtaf_condition.h; sourceTree = "<group>"; };
		209634ED20F4B41200207AD8 /* mtaf_ptrbuffer.h */ = {isa = PBXFileReference; fileEncoding = 4; lastKnownFileType = sourcecode.c.h; path = mtaf_ptrbuffer.h; sourceTree = "<group>"; };
		209634EE20F4B41200207AD8 /* mtaf_lock.h */ = {isa = PBXFileReference; fileEncoding = 4; lastKnownFileType = sourcecode.c.h; path = mtaf_lock.h; sourceTree = "<group>"; };
		209634EF20F4B41200207AD8 /* mtaf_ptrbuffer.cc */ = {isa = PBXFileReference; fileEncoding = 4; lastKnownFileType = sourcecode.cpp.cpp; path = mtaf_ptrbuffer.cc; sourceTree = "<group>"; };
		209634F020F4B41200207AD8 /* __mtaf_assert.h */ = {isa = PBXFileReference; fileEncoding = 4; lastKnownFileType = sourcecode.c.h; path = __mtaf_assert.h; sourceTree = "<group>"; };
		209634F120F4B41200207AD8 /* mtaf_autobuffer.cc */ = {isa = PBXFileReference; fileEncoding = 4; lastKnownFileType = sourcecode.cpp.cpp; path = mtaf_autobuffer.cc; sourceTree = "<group>"; };
		209634F220F4B41200207AD8 /* mtaf_thread.h */ = {isa = PBXFileReference; fileEncoding = 4; lastKnownFileType = sourcecode.c.h; path = mtaf_thread.h; sourceTree = "<group>"; };
		209634F320F4B41200207AD8 /* mtaf_time_utils.h */ = {isa = PBXFileReference; fileEncoding = 4; lastKnownFileType = sourcecode.c.h; path = mtaf_time_utils.h; sourceTree = "<group>"; };
		209634F420F4B41200207AD8 /* mtaf_atomic_oper.h */ = {isa = PBXFileReference; fileEncoding = 4; lastKnownFileType = sourcecode.c.h; path = mtaf_atomic_oper.h; sourceTree = "<group>"; };
		209634F620F4B41200207AD8 /* mtaf_autobuffer.h */ = {isa = PBXFileReference; fileEncoding = 4; lastKnownFileType = sourcecode.c.h; path = mtaf_autobuffer.h; sourceTree = "<group>"; };
		209634F720F4B41200207AD8 /* mtaf_mutex.h */ = {isa = PBXFileReference; fileEncoding = 4; lastKnownFileType = sourcecode.c.h; path = mtaf_mutex.h; sourceTree = "<group>"; };
		209634FB20F4B41200207AD8 /* __mtaf_assert.c */ = {isa = PBXFileReference; fileEncoding = 4; lastKnownFileType = sourcecode.c.c; path = __mtaf_assert.c; sourceTree = "<group>"; };
/* End PBXFileReference section */

/* Begin PBXFrameworksBuildPhase section */
		20926E951FE509F4000DBD07 /* Frameworks */ = {
			isa = PBXFrameworksBuildPhase;
			buildActionMask = 2147483647;
			files = (
			);
			runOnlyForDeploymentPostprocessing = 0;
		};
/* End PBXFrameworksBuildPhase section */

/* Begin PBXGroup section */
		20926E8F1FE509F4000DBD07 = {
			isa = PBXGroup;
			children = (
				209634E720F4B41200207AD8 /* comm */,
				20926E991FE509F4000DBD07 /* Products */,
			);
			sourceTree = "<group>";
		};
		20926E991FE509F4000DBD07 /* Products */ = {
			isa = PBXGroup;
			children = (
				20926E981FE509F4000DBD07 /* libcomm.a */,
			);
			name = Products;
			sourceTree = "<group>";
		};
		209634E720F4B41200207AD8 /* comm */ = {
			isa = PBXGroup;
			children = (
				209634FB20F4B41200207AD8 /* __mtaf_assert.c */,
				209634F020F4B41200207AD8 /* __mtaf_assert.h */,
				209634F420F4B41200207AD8 /* mtaf_atomic_oper.h */,
				209634F120F4B41200207AD8 /* mtaf_autobuffer.cc */,
				209634F620F4B41200207AD8 /* mtaf_autobuffer.h */,
				209634E920F4B41200207AD8 /* mtaf_compiler_util.h */,
				209634EC20F4B41200207AD8 /* mtaf_condition.h */,
				209634EE20F4B41200207AD8 /* mtaf_lock.h */,
				209634F720F4B41200207AD8 /* mtaf_mutex.h */,
				209634EF20F4B41200207AD8 /* mtaf_ptrbuffer.cc */,
				209634ED20F4B41200207AD8 /* mtaf_ptrbuffer.h */,
				209634EA20F4B41200207AD8 /* mtaf_spinlock.h */,
				209634F220F4B41200207AD8 /* mtaf_thread.h */,
				209634E820F4B41200207AD8 /* mtaf_time_utils.c */,
				209634F320F4B41200207AD8 /* mtaf_time_utils.h */,
			);
			name = comm;
			sourceTree = "<group>";
		};
/* End PBXGroup section */

/* Begin PBXNativeTarget section */
		20926E971FE509F4000DBD07 /* comm */ = {
			isa = PBXNativeTarget;
			buildConfigurationList = 20926EA11FE509F4000DBD07 /* Build configuration list for PBXNativeTarget "comm" */;
			buildPhases = (
				20926E941FE509F4000DBD07 /* Sources */,
				20926E951FE509F4000DBD07 /* Frameworks */,
				20926E961FE509F4000DBD07 /* CopyFiles */,
			);
			buildRules = (
			);
			dependencies = (
			);
			name = comm;
			productName = comm;
			productReference = 20926E981FE509F4000DBD07 /* libcomm.a */;
			productType = "com.apple.product-type.library.static";
		};
/* End PBXNativeTarget section */

/* Begin PBXProject section */
		20926E901FE509F4000DBD07 /* Project object */ = {
			isa = PBXProject;
			attributes = {
				LastUpgradeCheck = 1000;
				ORGANIZATIONNAME = meitu.com;
				TargetAttributes = {
					20926E971FE509F4000DBD07 = {
						CreatedOnToolsVersion = 9.2;
						ProvisioningStyle = Automatic;
					};
				};
			};
			buildConfigurationList = 20926E931FE509F4000DBD07 /* Build configuration list for PBXProject "comm" */;
			compatibilityVersion = "Xcode 8.0";
			developmentRegion = en;
			hasScannedForEncodings = 0;
			knownRegions = (
				en,
			);
			mainGroup = 20926E8F1FE509F4000DBD07;
			productRefGroup = 20926E991FE509F4000DBD07 /* Products */;
			projectDirPath = "";
			projectRoot = "";
			targets = (
				20926E971FE509F4000DBD07 /* comm */,
			);
		};
/* End PBXProject section */

/* Begin PBXSourcesBuildPhase section */
		20926E941FE509F4000DBD07 /* Sources */ = {
			isa = PBXSourcesBuildPhase;
			buildActionMask = 2147483647;
			files = (
				209634FD20F4B41200207AD8 /* mtaf_ptrbuffer.cc in Sources */,
				209634FE20F4B41200207AD8 /* mtaf_autobuffer.cc in Sources */,
				209634FF20F4B41200207AD8 /* __mtaf_assert.c in Sources */,
				209634FC20F4B41200207AD8 /* mtaf_time_utils.c in Sources */,
			);
			runOnlyForDeploymentPostprocessing = 0;
		};
/* End PBXSourcesBuildPhase section */

/* Begin XCBuildConfiguration section */
		20926E9F1FE509F4000DBD07 /* Debug */ = {
			isa = XCBuildConfiguration;
			buildSettings = {
				ALWAYS_SEARCH_USER_PATHS = NO;
				CLANG_ANALYZER_NONNULL = YES;
				CLANG_ANALYZER_NUMBER_OBJECT_CONVERSION = YES_AGGRESSIVE;
				CLANG_CXX_LANGUAGE_STANDARD = "gnu++14";
				CLANG_CXX_LIBRARY = "libc++";
				CLANG_ENABLE_MODULES = YES;
				CLANG_ENABLE_OBJC_ARC = YES;
				CLANG_WARN_BLOCK_CAPTURE_AUTORELEASING = YES;
				CLANG_WARN_BOOL_CONVERSION = YES;
				CLANG_WARN_COMMA = YES;
				CLANG_WARN_CONSTANT_CONVERSION = YES;
				CLANG_WARN_DEPRECATED_OBJC_IMPLEMENTATIONS = YES;
				CLANG_WARN_DIRECT_OBJC_ISA_USAGE = YES_ERROR;
				CLANG_WARN_DOCUMENTATION_COMMENTS = YES;
				CLANG_WARN_EMPTY_BODY = YES;
				CLANG_WARN_ENUM_CONVERSION = YES;
				CLANG_WARN_INFINITE_RECURSION = YES;
				CLANG_WARN_INT_CONVERSION = YES;
				CLANG_WARN_NON_LITERAL_NULL_CONVERSION = YES;
				CLANG_WARN_OBJC_IMPLICIT_RETAIN_SELF = YES;
				CLANG_WARN_OBJC_LITERAL_CONVERSION = YES;
				CLANG_WARN_OBJC_ROOT_CLASS = YES_ERROR;
				CLANG_WARN_RANGE_LOOP_ANALYSIS = YES;
				CLANG_WARN_STRICT_PROTOTYPES = YES;
				CLANG_WARN_SUSPICIOUS_MOVE = YES;
				CLANG_WARN_UNGUARDED_AVAILABILITY = YES_AGGRESSIVE;
				CLANG_WARN_UNREACHABLE_CODE = YES;
				CLANG_WARN__DUPLICATE_METHOD_MATCH = YES;
				CODE_SIGN_IDENTITY = "iPhone Developer";
				COPY_PHASE_STRIP = NO;
				DEBUG_INFORMATION_FORMAT = dwarf;
				ENABLE_STRICT_OBJC_MSGSEND = YES;
				ENABLE_TESTABILITY = YES;
				GCC_C_LANGUAGE_STANDARD = "compiler-default";
				GCC_DYNAMIC_NO_PIC = NO;
				GCC_NO_COMMON_BLOCKS = YES;
				GCC_OPTIMIZATION_LEVEL = 0;
				GCC_PREPROCESSOR_DEFINITIONS = (
					"DEBUG=1",
					"$(inherited)",
				);
				GCC_WARN_64_TO_32_BIT_CONVERSION = YES;
				GCC_WARN_ABOUT_RETURN_TYPE = YES_ERROR;
				GCC_WARN_UNDECLARED_SELECTOR = YES;
				GCC_WARN_UNINITIALIZED_AUTOS = YES_AGGRESSIVE;
				GCC_WARN_UNUSED_FUNCTION = YES;
				GCC_WARN_UNUSED_VARIABLE = YES;
				IPHONEOS_DEPLOYMENT_TARGET = 8.0;
				MTL_ENABLE_DEBUG_INFO = YES;
				ONLY_ACTIVE_ARCH = YES;
				SDKROOT = iphoneos;
			};
			name = Debug;
		};
		20926EA01FE509F4000DBD07 /* Release */ = {
			isa = XCBuildConfiguration;
			buildSettings = {
				ALWAYS_SEARCH_USER_PATHS = NO;
				CLANG_ANALYZER_NONNULL = YES;
				CLANG_ANALYZER_NUMBER_OBJECT_CONVERSION = YES_AGGRESSIVE;
				CLANG_CXX_LANGUAGE_STANDARD = "gnu++14";
				CLANG_CXX_LIBRARY = "libc++";
				CLANG_ENABLE_MODULES = YES;
				CLANG_ENABLE_OBJC_ARC = YES;
				CLANG_WARN_BLOCK_CAPTURE_AUTORELEASING = YES;
				CLANG_WARN_BOOL_CONVERSION = YES;
				CLANG_WARN_COMMA = YES;
				CLANG_WARN_CONSTANT_CONVERSION = YES;
				CLANG_WARN_DEPRECATED_OBJC_IMPLEMENTATIONS = YES;
				CLANG_WARN_DIRECT_OBJC_ISA_USAGE = YES_ERROR;
				CLANG_WARN_DOCUMENTATION_COMMENTS = YES;
				CLANG_WARN_EMPTY_BODY = YES;
				CLANG_WARN_ENUM_CONVERSION = YES;
				CLANG_WARN_INFINITE_RECURSION = YES;
				CLANG_WARN_INT_CONVERSION = YES;
				CLANG_WARN_NON_LITERAL_NULL_CONVERSION = YES;
				CLANG_WARN_OBJC_IMPLICIT_RETAIN_SELF = YES;
				CLANG_WARN_OBJC_LITERAL_CONVERSION = YES;
				CLANG_WARN_OBJC_ROOT_CLASS = YES_ERROR;
				CLANG_WARN_RANGE_LOOP_ANALYSIS = YES;
				CLANG_WARN_STRICT_PROTOTYPES = YES;
				CLANG_WARN_SUSPICIOUS_MOVE = YES;
				CLANG_WARN_UNGUARDED_AVAILABILITY = YES_AGGRESSIVE;
				CLANG_WARN_UNREACHABLE_CODE = YES;
				CLANG_WARN__DUPLICATE_METHOD_MATCH = YES;
				CODE_SIGN_IDENTITY = "iPhone Developer";
				COPY_PHASE_STRIP = NO;
				DEBUG_INFORMATION_FORMAT = "dwarf-with-dsym";
				ENABLE_NS_ASSERTIONS = NO;
				ENABLE_STRICT_OBJC_MSGSEND = YES;
				GCC_C_LANGUAGE_STANDARD = "compiler-default";
				GCC_NO_COMMON_BLOCKS = YES;
				GCC_WARN_64_TO_32_BIT_CONVERSION = YES;
				GCC_WARN_ABOUT_RETURN_TYPE = YES_ERROR;
				GCC_WARN_UNDECLARED_SELECTOR = YES;
				GCC_WARN_UNINITIALIZED_AUTOS = YES_AGGRESSIVE;
				GCC_WARN_UNUSED_FUNCTION = YES;
				GCC_WARN_UNUSED_VARIABLE = YES;
				IPHONEOS_DEPLOYMENT_TARGET = 8.0;
				MTL_ENABLE_DEBUG_INFO = NO;
				SDKROOT = iphoneos;
				VALIDATE_PRODUCT = YES;
			};
			name = Release;
		};
		20926EA21FE509F4000DBD07 /* Debug */ = {
			isa = XCBuildConfiguration;
			buildSettings = {
				CODE_SIGN_STYLE = Automatic;
				OTHER_LDFLAGS = "-ObjC";
				PRODUCT_NAME = "$(TARGET_NAME)";
				SKIP_INSTALL = YES;
				TARGETED_DEVICE_FAMILY = "1,2";
			};
			name = Debug;
		};
		20926EA31FE509F4000DBD07 /* Release */ = {
			isa = XCBuildConfiguration;
			buildSettings = {
				CODE_SIGN_STYLE = Automatic;
				OTHER_LDFLAGS = "-ObjC";
				PRODUCT_NAME = "$(TARGET_NAME)";
				SKIP_INSTALL = YES;
				TARGETED_DEVICE_FAMILY = "1,2";
			};
			name = Release;
		};
/* End XCBuildConfiguration section */

/* Begin XCConfigurationList section */
		20926E931FE509F4000DBD07 /* Build configuration list for PBXProject "comm" */ = {
			isa = XCConfigurationList;
			buildConfigurations = (
				20926E9F1FE509F4000DBD07 /* Debug */,
				20926EA01FE509F4000DBD07 /* Release */,
			);
			defaultConfigurationIsVisible = 0;
			defaultConfigurationName = Release;
		};
		20926EA11FE509F4000DBD07 /* Build configuration list for PBXNativeTarget "comm" */ = {
			isa = XCConfigurationList;
			buildConfigurations = (
				20926EA21FE509F4000DBD07 /* Debug */,
				20926EA31FE509F4000DBD07 /* Release */,
			);
			defaultConfigurationIsVisible = 0;
			defaultConfigurationName = Release;
		};
/* End XCConfigurationList section */
	};
	rootObject = 20926E901FE509F4000DBD07 /* Project object */;
}
